
Microsoft Visual Studio Solution File, Format Version 12.00
# Visual Studio Version 17
VisualStudioVersion = 17.1.32328.378
MinimumVisualStudioVersion = 10.0.40219.1
Project("{FAE04EC0-301F-11D3-BF4B-00C04F79EFBC}") = "GraphEdu", "GraphEdu\GraphEdu.csproj", "{55C5F53F-7B2F-4EA6-A153-7189C1CDA415}"
EndProject
Global
	GlobalSection(SolutionConfigurationPlatforms) = preSolution
		Debug|Any CPU = Debug|Any CPU
		Release|Any CPU = Release|Any CPU
	EndGlobalSection
	GlobalSection(ProjectConfigurationPlatforms) = postSolution
		{55C5F53F-7B2F-4EA6-A153-7189C1CDA415}.Debug|Any CPU.ActiveCfg = Debug|Any CPU
		{55C5F53F-7B2F-4EA6-A153-7189C1CDA415}.Debug|Any CPU.Build.0 = Debug|Any CPU
		{55C5F53F-7B2F-4EA6-A153-7189C1CDA415}.Release|Any CPU.ActiveCfg = Release|Any CPU
		{55C5F53F-7B2F-4EA6-A153-7189C1CDA415}.Release|Any CPU.Build.0 = Release|Any CPU
	EndGlobalSection
	GlobalSection(SolutionProperties) = preSolution
		HideSolutionNode = FALSE
	EndGlobalSection
	GlobalSection(ExtensibilityGlobals) = postSolution
		SolutionGuid = {EFBA97DA-B405-4C72-B674-6E35B40AC815}
	EndGlobalSection
EndGlobal
